PODS:
  - Flutter (1.0.0)
  - integration_test (0.0.1):
    - Flutter
  - permission_handler_apple (9.1.1):
    - Flutter
  - Tencent-MapFoundation (5.1.0)
  - Tencent-MapSDK (6.3.2):
    - Tencent-MapFoundation (>= 5.0.2)
  - tencent_map_flutter (0.0.1):
    - Flutter
    - Tencent-MapSDK (~> 6.3.1)

DEPENDENCIES:
  - Flutter (from `Flutter`)
  - integration_test (from `.symlinks/plugins/integration_test/ios`)
  - permission_handler_apple (from `.symlinks/plugins/permission_handler_apple/ios`)
  - tencent_map_flutter (from `.symlinks/plugins/tencent_map_flutter/ios`)

SPEC REPOS:
  trunk:
    - Tencent-MapFoundation
    - Tencent-MapSDK

EXTERNAL SOURCES:
  Flutter:
    :path: Flutter
  integration_test:
    :path: ".symlinks/plugins/integration_test/ios"
  permission_handler_apple:
    :path: ".symlinks/plugins/permission_handler_apple/ios"
  tencent_map_flutter:
    :path: ".symlinks/plugins/tencent_map_flutter/ios"

SPEC CHECKSUMS:
  Flutter: e0871f40cf51350855a761d2e70bf5af5b9b5de7
  integration_test: 4a889634ef21a45d28d50d622cf412dc6d9f586e
  permission_handler_apple: 3787117e48f80715ff04a3830ca039283d6a4f29
  Tencent-MapFoundation: b7e8775acc14d9d9c657507f4a262ec4e5415882
  Tencent-MapSDK: e76c824673f9a918a079eb318c5664d9f5e1af32
  tencent_map_flutter: babb5e2d040e8cd1c86767acda03d9310577e573

PODFILE CHECKSUM: 7be2f5f74864d463a8ad433546ed1de7e0f29aef

COCOAPODS: 1.16.2
